# This file is automatically @generated by Cargo.
# It is not intended for manual editing.
version = 4

[[package]]
name = "autocfg"
version = "1.5.0"
source = "registry+https://github.com/rust-lang/crates.io-index"
checksum = "c08606f8c3cbf4ce6ec8e28fb0014a2c086708fe954eaa885384a6165172e7e8"

[[package]]
name = "hashbrown"
version = "0.12.3"
source = "registry+https://github.com/rust-lang/crates.io-index"
checksum = "8a9ee70c43aaf417c914396645a0fa852624801b24ebb7ae78fe8272889ac888"

[[package]]
name = "indexmap"
version = "1.9.3"
source = "registry+https://github.com/rust-lang/crates.io-index"
checksum = "bd070e393353796e801d209ad339e89596eb4c8d430d18ede6a1cced8fafbd99"
dependencies = [
 "autocfg",
 "hashbrown",
]

[[package]]
name = "member1"
version = "0.1.0"
dependencies = [
 "vstd",
]

[[package]]
name = "member2"
version = "0.1.0"
dependencies = [
 "vstd",
]

[[package]]
name = "proc-macro2"
version = "1.0.106"
source = "registry+https://github.com/rust-lang/crates.io-index"
checksum = "8fd00f0bb2e90d81d1044c2b32617f68fcb9fa3bb7640c23e9c748e53fb30934"
dependencies = [
 "unicode-ident",
]

[[package]]
name = "quote"
version = "1.0.44"
source = "registry+https://github.com/rust-lang/crates.io-index"
checksum = "21b2ebcf727b7760c461f091f9f0f539b77b8e87f2fd88131e7f1b433b3cece4"
dependencies = [
 "proc-macro2",
]

[[package]]
name = "syn"
version = "2.0.117"
source = "registry+https://github.com/rust-lang/crates.io-index"
checksum = "e665b8803e7b1d2a727f4023456bbbbe74da67099c585258af0ad9c5013b9b99"
dependencies = [
 "proc-macro2",
 "quote",
 "unicode-ident",
]

[[package]]
name = "synstructure"
version = "0.13.2"
source = "registry+https://github.com/rust-lang/crates.io-index"
checksum = "728a70f3dbaf5bab7f0c4b1ac8d7ae5ea60a4b5549c8a5914361c99147a709d2"
dependencies = [
 "proc-macro2",
 "quote",
 "syn",
]

[[package]]
name = "unicode-ident"
version = "1.0.24"
source = "registry+https://github.com/rust-lang/crates.io-index"
checksum = "e6e4313cd5fcd3dad5cafa179702e2b244f760991f45397d14d4ebf38247da75"

[[package]]
name = "verus_builtin"
version = "0.0.0-2026-02-24-1505"
source = "registry+https://github.com/rust-lang/crates.io-index"
checksum = "330dd9eeb4c072ef954edb49ad607afd8f5868672438b4f05ad7f7fa4ef58de6"

[[package]]
name = "verus_builtin_macros"
version = "0.0.0-2026-02-24-1505"
source = "registry+https://github.com/rust-lang/crates.io-index"
checksum = "7c9e144eada6d8e9f34566cec6ad684c6eaec94f4cf82784f0e16d7d408b870f"
dependencies = [
 "proc-macro2",
 "quote",
 "syn",
 "synstructure",
 "verus_prettyplease",
 "verus_syn",
]

[[package]]
name = "verus_prettyplease"
version = "0.0.0-2026-02-24-1505"
source = "registry+https://github.com/rust-lang/crates.io-index"
checksum = "e2930f00a7327e9837d0266a8261b35b3cf59761f50541ff471ca5e5229b7563"
dependencies = [
 "proc-macro2",
 "verus_syn",
]

[[package]]
name = "verus_state_machines_macros"
version = "0.0.0-2026-02-24-1505"
source = "registry+https://github.com/rust-lang/crates.io-index"
checksum = "f9851d3fa3725f2992ed3f62c94493361f349101c5385adf033d6f1c8914e058"
dependencies = [
 "indexmap",
 "proc-macro2",
 "quote",
 "verus_syn",
]

[[package]]
name = "verus_syn"
version = "0.0.0-2026-02-24-1505"
source = "registry+https://github.com/rust-lang/crates.io-index"
checksum = "baea36d7ed6cf44ce889b54740f7ae7a10622788f018b04c1addbe88109f59bb"
dependencies = [
 "proc-macro2",
 "quote",
 "unicode-ident",
]

[[package]]
name = "vstd"
version = "0.0.0-2026-02-24-1505"
source = "registry+https://github.com/rust-lang/crates.io-index"
checksum = "6f3e7a41b72644698e449d6c03eefb542b1c04659e067b61d62668adf43df8bc"
dependencies = [
 "verus_builtin",
 "verus_builtin_macros",
 "verus_state_machines_macros",
]
