# This file is automatically @generated by Cargo.
# It is not intended for manual editing.
version = 4

[[package]]
name = "autocfg"
version = "1.5.0"
source = "registry+https://github.com/rust-lang/crates.io-index"
checksum = "c08606f8c3cbf4ce6ec8e28fb0014a2c086708fe954eaa885384a6165172e7e8"

[[package]]
name = "hashbrown"
version = "0.12.3"
source = "registry+https://github.com/rust-lang/crates.io-index"
checksum = "8a9ee70c43aaf417c914396645a0fa852624801b24ebb7ae78fe8272889ac888"

[[package]]
name = "indexmap"
version = "1.9.3"
source = "registry+https://github.com/rust-lang/crates.io-index"
checksum = "bd070e393353796e801d209ad339e89596eb4c8d430d18ede6a1cced8fafbd99"
dependencies = [
 "autocfg",
 "hashbrown",
]

[[package]]
name = "member1"
version = "0.1.0"
dependencies = [
 "vstd",
]

[[package]]
name = "member2"
version = "0.1.0"
dependencies = [
 "vstd",
]

[[package]]
name = "proc-macro2"
version = "1.0.103"
source = "registry+https://github.com/rust-lang/crates.io-index"
checksum = "5ee95bc4ef87b8d5ba32e8b7714ccc834865276eab0aed5c9958d00ec45f49e8"
dependencies = [
 "unicode-ident",
]

[[package]]
name = "quote"
version = "1.0.41"
source = "registry+https://github.com/rust-lang/crates.io-index"
checksum = "ce25767e7b499d1b604768e7cde645d14cc8584231ea6b295e9c9eb22c02e1d1"
dependencies = [
 "proc-macro2",
]

[[package]]
name = "syn"
version = "2.0.108"
source = "registry+https://github.com/rust-lang/crates.io-index"
checksum = "da58917d35242480a05c2897064da0a80589a2a0476c9a3f2fdc83b53502e917"
dependencies = [
 "proc-macro2",
 "quote",
 "unicode-ident",
]

[[package]]
name = "synstructure"
version = "0.13.2"
source = "registry+https://github.com/rust-lang/crates.io-index"
checksum = "728a70f3dbaf5bab7f0c4b1ac8d7ae5ea60a4b5549c8a5914361c99147a709d2"
dependencies = [
 "proc-macro2",
 "quote",
 "syn",
]

[[package]]
name = "unicode-ident"
version = "1.0.22"
source = "registry+https://github.com/rust-lang/crates.io-index"
checksum = "9312f7c4f6ff9069b165498234ce8be658059c6728633667c526e27dc2cf1df5"

[[package]]
name = "verus_builtin"
version = "0.0.0-2026-01-25-0057"
source = "registry+https://github.com/rust-lang/crates.io-index"
checksum = "eda8cc02517ca6433d1bffbde5685e75ea8d596c30372cd6782db25820b5dac4"

[[package]]
name = "verus_builtin_macros"
version = "0.0.0-2026-01-25-0057"
source = "registry+https://github.com/rust-lang/crates.io-index"
checksum = "bfb25e7607b9157db02674b19e073292c003217fb2fc27363d6aeac7728afa3b"
dependencies = [
 "proc-macro2",
 "quote",
 "syn",
 "synstructure",
 "verus_prettyplease",
 "verus_syn",
]

[[package]]
name = "verus_prettyplease"
version = "0.0.0-2026-01-25-0057"
source = "registry+https://github.com/rust-lang/crates.io-index"
checksum = "abadab37cde6d9fd68d92ef71a46b2c34e0b7e57584a3501d7f2a24169bacdc2"
dependencies = [
 "proc-macro2",
 "verus_syn",
]

[[package]]
name = "verus_state_machines_macros"
version = "0.0.0-2026-01-25-0057"
source = "registry+https://github.com/rust-lang/crates.io-index"
checksum = "9caf90585b9d3182fa7fa2180098b5d32039a9857b7780619ccd73203f339732"
dependencies = [
 "indexmap",
 "proc-macro2",
 "quote",
 "verus_syn",
]

[[package]]
name = "verus_syn"
version = "0.0.0-2026-01-25-0057"
source = "registry+https://github.com/rust-lang/crates.io-index"
checksum = "3efe87367e6aa49c2639208d0d5356b5c6287ae7021ff2d13354ad52924740c1"
dependencies = [
 "proc-macro2",
 "quote",
 "unicode-ident",
]

[[package]]
name = "vstd"
version = "0.0.0-2026-01-25-0057"
source = "registry+https://github.com/rust-lang/crates.io-index"
checksum = "9e9e087457b5c8fc9ce5b046bd290437d6089818c4c635773524fd17d9c517b7"
dependencies = [
 "verus_builtin",
 "verus_builtin_macros",
 "verus_state_machines_macros",
]
